
Microsoft Visual Studio Solution File, Format Version 12.00
# Visual Studio Version 17
VisualStudioVersion = 17.0.32014.148
MinimumVisualStudioVersion = 10.0.40219.1
Project("{9A19103F-16F7-4668-BE54-9A1E7A4F7556}") = "Windows Forms", "Windows Forms\Windows Forms.csproj", "{3831E5CC-08DF-40DA-B7CE-8E0A4B922B05}"
EndProject
Project("{FAE04EC0-301F-11D3-BF4B-00C04F79EFBC}") = "Console App", "Console App\Console App.csproj", "{C19AA29D-E60F-4BC7-92CD-0C1F4309802B}"
EndProject
Project("{FAE04EC0-301F-11D3-BF4B-00C04F79EFBC}") = "Classes Library", "Classes Library\Classes Library.csproj", "{22C19FEF-0186-4F7B-96DF-54F52D62AE00}"
EndProject
Global
	GlobalSection(SolutionConfigurationPlatforms) = preSolution
		Debug|Any CPU = Debug|Any CPU
		Release|Any CPU = Release|Any CPU
	EndGlobalSection
	GlobalSection(ProjectConfigurationPlatforms) = postSolution
		{3831E5CC-08DF-40DA-B7CE-8E0A4B922B05}.Debug|Any CPU.ActiveCfg = Debug|Any CPU
		{3831E5CC-08DF-40DA-B7CE-8E0A4B922B05}.Debug|Any CPU.Build.0 = Debug|Any CPU
		{3831E5CC-08DF-40DA-B7CE-8E0A4B922B05}.Release|Any CPU.ActiveCfg = Release|Any CPU
		{3831E5CC-08DF-40DA-B7CE-8E0A4B922B05}.Release|Any CPU.Build.0 = Release|Any CPU
		{C19AA29D-E60F-4BC7-92CD-0C1F4309802B}.Debug|Any CPU.ActiveCfg = Debug|Any CPU
		{C19AA29D-E60F-4BC7-92CD-0C1F4309802B}.Debug|Any CPU.Build.0 = Debug|Any CPU
		{C19AA29D-E60F-4BC7-92CD-0C1F4309802B}.Release|Any CPU.ActiveCfg = Release|Any CPU
		{C19AA29D-E60F-4BC7-92CD-0C1F4309802B}.Release|Any CPU.Build.0 = Release|Any CPU
		{22C19FEF-0186-4F7B-96DF-54F52D62AE00}.Debug|Any CPU.ActiveCfg = Debug|Any CPU
		{22C19FEF-0186-4F7B-96DF-54F52D62AE00}.Debug|Any CPU.Build.0 = Debug|Any CPU
		{22C19FEF-0186-4F7B-96DF-54F52D62AE00}.Release|Any CPU.ActiveCfg = Release|Any CPU
		{22C19FEF-0186-4F7B-96DF-54F52D62AE00}.Release|Any CPU.Build.0 = Release|Any CPU
	EndGlobalSection
	GlobalSection(SolutionProperties) = preSolution
		HideSolutionNode = FALSE
	EndGlobalSection
	GlobalSection(ExtensibilityGlobals) = postSolution
		SolutionGuid = {B210D369-E8DD-4406-9D43-18E04ED7CBC9}
	EndGlobalSection
EndGlobal
